
Microsoft Visual Studio Solution File, Format Version 12.00
# Visual Studio 15
VisualStudioVersion = 15.0.27130.2010
MinimumVisualStudioVersion = 10.0.40219.1
Project("{FAE04EC0-301F-11D3-BF4B-00C04F79EFBC}") = "fVis", "fVis\fVis.csproj", "{7AB5A0B7-B52B-477D-BAC5-EE9B53234CDB}"
EndProject
Project("{8BC9CEB8-8B4A-11D0-8D11-00A0C91BC942}") = "NativeOperators", "NativeOperators\NativeOperators.vcxproj", "{2406DF97-7F02-44C7-8CD2-450978E73242}"
EndProject
Project("{8BC9CEB8-8B4A-11D0-8D11-00A0C91BC942}") = "NativeOperators14", "NativeOperators\NativeOperators14.vcxproj", "{77FF92D8-99C0-426B-A29C-4FD17BBC9071}"
EndProject
Project("{8BC9CEB8-8B4A-11D0-8D11-00A0C91BC942}") = "NativeOperators_FPU_x87", "NativeOperators_FPU_x87\NativeOperators_FPU_x87.vcxproj", "{3491697F-17DD-4FC6-8558-DDE9292B23A7}"
EndProject
Project("{FAE04EC0-301F-11D3-BF4B-00C04F79EFBC}") = "Tests", "Tests\Tests.csproj", "{600A7171-6CDB-4D42-9FB8-D786C16544AB}"
EndProject
Project("{8BC9CEB8-8B4A-11D0-8D11-00A0C91BC942}") = "NativeOperators_libmcr", "NativeOperators_libmcr\NativeOperators_libmcr.vcxproj", "{44D2F76B-D71B-4DDE-9D2E-CA04465FE699}"
EndProject
Project("{FAE04EC0-301F-11D3-BF4B-00C04F79EFBC}") = "fVis.x86", "fVis.x86\fVis.x86.csproj", "{E302F44D-975B-40F3-A609-E9C00D9B10A0}"
EndProject
Global
	GlobalSection(SolutionConfigurationPlatforms) = preSolution
		Debug|Any CPU = Debug|Any CPU
		Debug|x64 = Debug|x64
		Debug|x86 = Debug|x86
		Release|Any CPU = Release|Any CPU
		Release|x64 = Release|x64
		Release|x86 = Release|x86
	EndGlobalSection
	GlobalSection(ProjectConfigurationPlatforms) = postSolution
		{7AB5A0B7-B52B-477D-BAC5-EE9B53234CDB}.Debug|Any CPU.ActiveCfg = Debug|Any CPU
		{7AB5A0B7-B52B-477D-BAC5-EE9B53234CDB}.Debug|Any CPU.Build.0 = Debug|Any CPU
		{7AB5A0B7-B52B-477D-BAC5-EE9B53234CDB}.Debug|x64.ActiveCfg = Debug|Any CPU
		{7AB5A0B7-B52B-477D-BAC5-EE9B53234CDB}.Debug|x64.Build.0 = Debug|Any CPU
		{7AB5A0B7-B52B-477D-BAC5-EE9B53234CDB}.Debug|x86.ActiveCfg = Debug|Any CPU
		{7AB5A0B7-B52B-477D-BAC5-EE9B53234CDB}.Debug|x86.Build.0 = Debug|Any CPU
		{7AB5A0B7-B52B-477D-BAC5-EE9B53234CDB}.Release|Any CPU.ActiveCfg = Release|Any CPU
		{7AB5A0B7-B52B-477D-BAC5-EE9B53234CDB}.Release|Any CPU.Build.0 = Release|Any CPU
		{7AB5A0B7-B52B-477D-BAC5-EE9B53234CDB}.Release|x64.ActiveCfg = Release|Any CPU
		{7AB5A0B7-B52B-477D-BAC5-EE9B53234CDB}.Release|x64.Build.0 = Release|Any CPU
		{7AB5A0B7-B52B-477D-BAC5-EE9B53234CDB}.Release|x86.ActiveCfg = Release|Any CPU
		{7AB5A0B7-B52B-477D-BAC5-EE9B53234CDB}.Release|x86.Build.0 = Release|Any CPU
		{307B6F42-229E-4287-A975-944383875A97}.Debug|Any CPU.ActiveCfg = Debug|Any CPU
		{307B6F42-229E-4287-A975-944383875A97}.Debug|Any CPU.Build.0 = Debug|Any CPU
		{307B6F42-229E-4287-A975-944383875A97}.Debug|x64.ActiveCfg = Debug|Any CPU
		{307B6F42-229E-4287-A975-944383875A97}.Debug|x64.Build.0 = Debug|Any CPU
		{307B6F42-229E-4287-A975-944383875A97}.Debug|x86.ActiveCfg = Debug|Any CPU
		{307B6F42-229E-4287-A975-944383875A97}.Debug|x86.Build.0 = Debug|Any CPU
		{307B6F42-229E-4287-A975-944383875A97}.Release|Any CPU.ActiveCfg = Release|Any CPU
		{307B6F42-229E-4287-A975-944383875A97}.Release|Any CPU.Build.0 = Release|Any CPU
		{307B6F42-229E-4287-A975-944383875A97}.Release|x64.ActiveCfg = Release|Any CPU
		{307B6F42-229E-4287-A975-944383875A97}.Release|x64.Build.0 = Release|Any CPU
		{307B6F42-229E-4287-A975-944383875A97}.Release|x86.ActiveCfg = Release|Any CPU
		{307B6F42-229E-4287-A975-944383875A97}.Release|x86.Build.0 = Release|Any CPU
		{372E67A5-9727-45D7-B96A-46DF03861BE0}.Debug|Any CPU.ActiveCfg = Debug|Any CPU
		{372E67A5-9727-45D7-B96A-46DF03861BE0}.Debug|Any CPU.Build.0 = Debug|Any CPU
		{372E67A5-9727-45D7-B96A-46DF03861BE0}.Debug|x64.ActiveCfg = Debug|Any CPU
		{372E67A5-9727-45D7-B96A-46DF03861BE0}.Debug|x64.Build.0 = Debug|Any CPU
		{372E67A5-9727-45D7-B96A-46DF03861BE0}.Debug|x86.ActiveCfg = Debug|Any CPU
		{372E67A5-9727-45D7-B96A-46DF03861BE0}.Debug|x86.Build.0 = Debug|Any CPU
		{372E67A5-9727-45D7-B96A-46DF03861BE0}.Release|Any CPU.ActiveCfg = Release|Any CPU
		{372E67A5-9727-45D7-B96A-46DF03861BE0}.Release|Any CPU.Build.0 = Release|Any CPU
		{372E67A5-9727-45D7-B96A-46DF03861BE0}.Release|x64.ActiveCfg = Release|Any CPU
		{372E67A5-9727-45D7-B96A-46DF03861BE0}.Release|x64.Build.0 = Release|Any CPU
		{372E67A5-9727-45D7-B96A-46DF03861BE0}.Release|x86.ActiveCfg = Release|Any CPU
		{372E67A5-9727-45D7-B96A-46DF03861BE0}.Release|x86.Build.0 = Release|Any CPU
		{2406DF97-7F02-44C7-8CD2-450978E73242}.Debug|Any CPU.ActiveCfg = Debug|Win32
		{2406DF97-7F02-44C7-8CD2-450978E73242}.Debug|x64.ActiveCfg = Debug|x64
		{2406DF97-7F02-44C7-8CD2-450978E73242}.Debug|x64.Build.0 = Debug|x64
		{2406DF97-7F02-44C7-8CD2-450978E73242}.Debug|x86.ActiveCfg = Debug|Win32
		{2406DF97-7F02-44C7-8CD2-450978E73242}.Debug|x86.Build.0 = Debug|Win32
		{2406DF97-7F02-44C7-8CD2-450978E73242}.Release|Any CPU.ActiveCfg = Release|Win32
		{2406DF97-7F02-44C7-8CD2-450978E73242}.Release|x64.ActiveCfg = Release|x64
		{2406DF97-7F02-44C7-8CD2-450978E73242}.Release|x64.Build.0 = Release|x64
		{2406DF97-7F02-44C7-8CD2-450978E73242}.Release|x86.ActiveCfg = Release|Win32
		{2406DF97-7F02-44C7-8CD2-450978E73242}.Release|x86.Build.0 = Release|Win32
		{77FF92D8-99C0-426B-A29C-4FD17BBC9071}.Debug|Any CPU.ActiveCfg = Debug|Win32
		{77FF92D8-99C0-426B-A29C-4FD17BBC9071}.Debug|x64.ActiveCfg = Debug|x64
		{77FF92D8-99C0-426B-A29C-4FD17BBC9071}.Debug|x64.Build.0 = Debug|x64
		{77FF92D8-99C0-426B-A29C-4FD17BBC9071}.Debug|x86.ActiveCfg = Debug|Win32
		{77FF92D8-99C0-426B-A29C-4FD17BBC9071}.Debug|x86.Build.0 = Debug|Win32
		{77FF92D8-99C0-426B-A29C-4FD17BBC9071}.Release|Any CPU.ActiveCfg = Release|Win32
		{77FF92D8-99C0-426B-A29C-4FD17BBC9071}.Release|x64.ActiveCfg = Release|x64
		{77FF92D8-99C0-426B-A29C-4FD17BBC9071}.Release|x64.Build.0 = Release|x64
		{77FF92D8-99C0-426B-A29C-4FD17BBC9071}.Release|x86.ActiveCfg = Release|Win32
		{77FF92D8-99C0-426B-A29C-4FD17BBC9071}.Release|x86.Build.0 = Release|Win32
		{3491697F-17DD-4FC6-8558-DDE9292B23A7}.Debug|Any CPU.ActiveCfg = Debug|Win32
		{3491697F-17DD-4FC6-8558-DDE9292B23A7}.Debug|x64.ActiveCfg = Debug|x64
		{3491697F-17DD-4FC6-8558-DDE9292B23A7}.Debug|x86.ActiveCfg = Debug|Win32
		{3491697F-17DD-4FC6-8558-DDE9292B23A7}.Debug|x86.Build.0 = Debug|Win32
		{3491697F-17DD-4FC6-8558-DDE9292B23A7}.Release|Any CPU.ActiveCfg = Release|Win32
		{3491697F-17DD-4FC6-8558-DDE9292B23A7}.Release|x64.ActiveCfg = Release|x64
		{3491697F-17DD-4FC6-8558-DDE9292B23A7}.Release|x86.ActiveCfg = Release|Win32
		{3491697F-17DD-4FC6-8558-DDE9292B23A7}.Release|x86.Build.0 = Release|Win32
		{600A7171-6CDB-4D42-9FB8-D786C16544AB}.Debug|Any CPU.ActiveCfg = Debug|Any CPU
		{600A7171-6CDB-4D42-9FB8-D786C16544AB}.Debug|Any CPU.Build.0 = Debug|Any CPU
		{600A7171-6CDB-4D42-9FB8-D786C16544AB}.Debug|x64.ActiveCfg = Debug|Any CPU
		{600A7171-6CDB-4D42-9FB8-D786C16544AB}.Debug|x64.Build.0 = Debug|Any CPU
		{600A7171-6CDB-4D42-9FB8-D786C16544AB}.Debug|x86.ActiveCfg = Debug|Any CPU
		{600A7171-6CDB-4D42-9FB8-D786C16544AB}.Debug|x86.Build.0 = Debug|Any CPU
		{600A7171-6CDB-4D42-9FB8-D786C16544AB}.Release|Any CPU.ActiveCfg = Release|Any CPU
		{600A7171-6CDB-4D42-9FB8-D786C16544AB}.Release|Any CPU.Build.0 = Release|Any CPU
		{600A7171-6CDB-4D42-9FB8-D786C16544AB}.Release|x64.ActiveCfg = Release|Any CPU
		{600A7171-6CDB-4D42-9FB8-D786C16544AB}.Release|x64.Build.0 = Release|Any CPU
		{600A7171-6CDB-4D42-9FB8-D786C16544AB}.Release|x86.ActiveCfg = Release|Any CPU
		{600A7171-6CDB-4D42-9FB8-D786C16544AB}.Release|x86.Build.0 = Release|Any CPU
		{44D2F76B-D71B-4DDE-9D2E-CA04465FE699}.Debug|Any CPU.ActiveCfg = Debug|Win32
		{44D2F76B-D71B-4DDE-9D2E-CA04465FE699}.Debug|x64.ActiveCfg = Debug|x64
		{44D2F76B-D71B-4DDE-9D2E-CA04465FE699}.Debug|x64.Build.0 = Debug|x64
		{44D2F76B-D71B-4DDE-9D2E-CA04465FE699}.Debug|x86.ActiveCfg = Debug|Win32
		{44D2F76B-D71B-4DDE-9D2E-CA04465FE699}.Debug|x86.Build.0 = Debug|Win32
		{44D2F76B-D71B-4DDE-9D2E-CA04465FE699}.Release|Any CPU.ActiveCfg = Release|Win32
		{44D2F76B-D71B-4DDE-9D2E-CA04465FE699}.Release|x64.ActiveCfg = Release|x64
		{44D2F76B-D71B-4DDE-9D2E-CA04465FE699}.Release|x64.Build.0 = Release|x64
		{44D2F76B-D71B-4DDE-9D2E-CA04465FE699}.Release|x86.ActiveCfg = Release|Win32
		{44D2F76B-D71B-4DDE-9D2E-CA04465FE699}.Release|x86.Build.0 = Release|Win32
		{E302F44D-975B-40F3-A609-E9C00D9B10A0}.Debug|Any CPU.ActiveCfg = Debug|Any CPU
		{E302F44D-975B-40F3-A609-E9C00D9B10A0}.Debug|Any CPU.Build.0 = Debug|Any CPU
		{E302F44D-975B-40F3-A609-E9C00D9B10A0}.Debug|x64.ActiveCfg = Debug|Any CPU
		{E302F44D-975B-40F3-A609-E9C00D9B10A0}.Debug|x64.Build.0 = Debug|Any CPU
		{E302F44D-975B-40F3-A609-E9C00D9B10A0}.Debug|x86.ActiveCfg = Debug|Any CPU
		{E302F44D-975B-40F3-A609-E9C00D9B10A0}.Debug|x86.Build.0 = Debug|Any CPU
		{E302F44D-975B-40F3-A609-E9C00D9B10A0}.Release|Any CPU.ActiveCfg = Release|Any CPU
		{E302F44D-975B-40F3-A609-E9C00D9B10A0}.Release|Any CPU.Build.0 = Release|Any CPU
		{E302F44D-975B-40F3-A609-E9C00D9B10A0}.Release|x64.ActiveCfg = Release|Any CPU
		{E302F44D-975B-40F3-A609-E9C00D9B10A0}.Release|x64.Build.0 = Release|Any CPU
		{E302F44D-975B-40F3-A609-E9C00D9B10A0}.Release|x86.ActiveCfg = Release|Any CPU
		{E302F44D-975B-40F3-A609-E9C00D9B10A0}.Release|x86.Build.0 = Release|Any CPU
	EndGlobalSection
	GlobalSection(SolutionProperties) = preSolution
		HideSolutionNode = FALSE
	EndGlobalSection
EndGlobal
